
Microsoft Visual Studio Solution File, Format Version 12.00
# Visual Studio Version 16
VisualStudioVersion = 16.0.29326.143
MinimumVisualStudioVersion = 10.0.40219.1
Project("{FAE04EC0-301F-11D3-BF4B-00C04F79EFBC}") = "WindowsFormsApp2", "WindowsFormsApp2\WindowsFormsApp2.csproj", "{3B4CAAE5-DC65-48B3-8C23-DFAAAE53A81A}"
EndProject
Global
	GlobalSection(SolutionConfigurationPlatforms) = preSolution
		Debug|Any CPU = Debug|Any CPU
		Release|Any CPU = Release|Any CPU
	EndGlobalSection
	GlobalSection(ProjectConfigurationPlatforms) = postSolution
		{3B4CAAE5-DC65-48B3-8C23-DFAAAE53A81A}.Debug|Any CPU.ActiveCfg = Debug|Any CPU
		{3B4CAAE5-DC65-48B3-8C23-DFAAAE53A81A}.Debug|Any CPU.Build.0 = Debug|Any CPU
		{3B4CAAE5-DC65-48B3-8C23-DFAAAE53A81A}.Release|Any CPU.ActiveCfg = Release|Any CPU
		{3B4CAAE5-DC65-48B3-8C23-DFAAAE53A81A}.Release|Any CPU.Build.0 = Release|Any CPU
	EndGlobalSection
	GlobalSection(SolutionProperties) = preSolution
		HideSolutionNode = FALSE
	EndGlobalSection
	GlobalSection(ExtensibilityGlobals) = postSolution
		SolutionGuid = {B63D40CD-59C8-43FB-ACCA-82919B2F7459}
	EndGlobalSection
EndGlobal
